// !$*UTF8*$!
{
	archiveVersion = 1;
	classes = {
	};
	objectVersion = 48;
	objects = {

/* Begin PBXBuildFile section */
		1F3D61FA20477CA3006AF3C4 /* AppDelegate.swift in Sources */ = {isa = PBXBuildFile; fileRef = 1F3D61F920477CA3006AF3C4 /* AppDelegate.swift */; };
		1F3D61FC20477CA3006AF3C4 /* ViewController.swift in Sources */ = {isa = PBXBuildFile; fileRef = 1F3D61FB20477CA3006AF3C4 /* ViewController.swift */; };
		1F3D61FF20477CA3006AF3C4 /* Main.storyboard in Resources */ = {isa = PBXBuildFile; fileRef = 1F3D61FD20477CA3006AF3C4 /* Main.storyboard */; };
		1F3D620220477CA3006AF3C4 /* UnitTrust.xcdatamodeld in Sources */ = {isa = PBXBuildFile; fileRef = 1F3D620020477CA3006AF3C4 /* UnitTrust.xcdatamodeld */; };
		1F3D620420477CA3006AF3C4 /* Assets.xcassets in Resources */ = {isa = PBXBuildFile; fileRef = 1F3D620320477CA3006AF3C4 /* Assets.xcassets */; };
		1F3D620720477CA3006AF3C4 /* LaunchScreen.storyboard in Resources */ = {isa = PBXBuildFile; fileRef = 1F3D620520477CA3006AF3C4 /* LaunchScreen.storyboard */; };
		1F3D621220477CA3006AF3C4 /* UnitTrustTests.swift in Sources */ = {isa = PBXBuildFile; fileRef = 1F3D621120477CA3006AF3C4 /* UnitTrustTests.swift */; };
		1F3D621D20477CA3006AF3C4 /* UnitTrustUITests.swift in Sources */ = {isa = PBXBuildFile; fileRef = 1F3D621C20477CA3006AF3C4 /* UnitTrustUITests.swift */; };
/* End PBXBuildFile section */

/* Begin PBXContainerItemProxy section */
		1F3D620E20477CA3006AF3C4 /* PBXContainerItemProxy */ = {
			isa = PBXContainerItemProxy;
			containerPortal = 1F3D61EE20477CA3006AF3C4 /* Project object */;
			proxyType = 1;
			remoteGlobalIDString = 1F3D61F520477CA3006AF3C4;
			remoteInfo = UnitTrust;
		};
		1F3D621920477CA3006AF3C4 /* PBXContainerItemProxy */ = {
			isa = PBXContainerItemProxy;
			containerPortal = 1F3D61EE20477CA3006AF3C4 /* Project object */;
			proxyType = 1;
			remoteGlobalIDString = 1F3D61F520477CA3006AF3C4;
			remoteInfo = UnitTrust;
		};
/* End PBXContainerItemProxy section */

/* Begin PBXFileReference section */
		1F3D61F620477CA3006AF3C4 /* UnitTrust.app */ = {isa = PBXFileReference; explicitFileType = wrapper.application; includeInIndex = 0; path = UnitTrust.app; sourceTree = BUILT_PRODUCTS_DIR; };
		1F3D61F920477CA3006AF3C4 /* AppDelegate.swift */ = {isa = PBXFileReference; lastKnownFileType = sourcecode.swift; path = AppDelegate.swift; sourceTree = "<group>"; };
		1F3D61FB20477CA3006AF3C4 /* ViewController.swift */ = {isa = PBXFileReference; lastKnownFileType = sourcecode.swift; path = ViewController.swift; sourceTree = "<group>"; };
		1F3D61FE20477CA3006AF3C4 /* Base */ = {isa = PBXFileReference; lastKnownFileType = file.storyboard; name = Base; path = Base.lproj/Main.storyboard; sourceTree = "<group>"; };
		1F3D620120477CA3006AF3C4 /* UnitTrust.xcdatamodel */ = {isa = PBXFileReference; lastKnownFileType = wrapper.xcdatamodel; path = UnitTrust.xcdatamodel; sourceTree = "<group>"; };
		1F3D620320477CA3006AF3C4 /* Assets.xcassets */ = {isa = PBXFileReference; lastKnownFileType = folder.assetcatalog; path = Assets.xcassets; sourceTree = "<group>"; };
		1F3D620620477CA3006AF3C4 /* Base */ = {isa = PBXFileReference; lastKnownFileType = file.storyboard; name = Base; path = Base.lproj/LaunchScreen.storyboard; sourceTree = "<group>"; };
		1F3D620820477CA3006AF3C4 /* Info.plist */ = {isa = PBXFileReference; lastKnownFileType = text.plist.xml; path = Info.plist; sourceTree = "<group>"; };
		1F3D620D20477CA3006AF3C4 /* UnitTrustTests.xctest */ = {isa = PBXFileReference; explicitFileType = wrapper.cfbundle; includeInIndex = 0; path = UnitTrustTests.xctest; sourceTree = BUILT_PRODUCTS_DIR; };
		1F3D621120477CA3006AF3C4 /* UnitTrustTests.swift */ = {isa = PBXFileReference; lastKnownFileType = sourcecode.swift; path = UnitTrustTests.swift; sourceTree = "<group>"; };
		1F3D621320477CA3006AF3C4 /* Info.plist */ = {isa = PBXFileReference; lastKnownFileType = text.plist.xml; path = Info.plist; sourceTree = "<group>"; };
		1F3D621820477CA3006AF3C4 /* UnitTrustUITests.xctest */ = {isa = PBXFileReference; explicitFileType = wrapper.cfbundle; includeInIndex = 0; path = UnitTrustUITests.xctest; sourceTree = BUILT_PRODUCTS_DIR; };
		1F3D621C20477CA3006AF3C4 /* UnitTrustUITests.swift */ = {isa = PBXFileReference; lastKnownFileType = sourcecode.swift; path = UnitTrustUITests.swift; sourceTree = "<group>"; };
		1F3D621E20477CA3006AF3C4 /* Info.plist */ = {isa = PBXFileReference; lastKnownFileType = text.plist.xml; path = Info.plist; sourceTree = "<group>"; };
/* End PBXFileReference section */

/* Begin PBXFrameworksBuildPhase section */
		1F3D61F320477CA3006AF3C4 /* Frameworks */ = {
			isa = PBXFrameworksBuildPhase;
			buildActionMask = 2147483647;
			files = (
			);
			runOnlyForDeploymentPostprocessing = 0;
		};
		1F3D620A20477CA3006AF3C4 /* Frameworks */ = {
			isa = PBXFrameworksBuildPhase;
			buildActionMask = 2147483647;
			files = (
			);
			runOnlyForDeploymentPostprocessing = 0;
		};
		1F3D621520477CA3006AF3C4 /* Frameworks */ = {
			isa = PBXFrameworksBuildPhase;
			buildActionMask = 2147483647;
			files = (
			);
			runOnlyForDeploymentPostprocessing = 0;
		};
/* End PBXFrameworksBuildPhase section */

/* Begin PBXGroup section */
		1F3D61ED20477CA3006AF3C4 = {
			isa = PBXGroup;
			children = (
				1F3D61F820477CA3006AF3C4 /* UnitTrust */,
				1F3D621020477CA3006AF3C4 /* UnitTrustTests */,
				1F3D621B20477CA3006AF3C4 /* UnitTrustUITests */,
				1F3D61F720477CA3006AF3C4 /* Products */,
			);
			sourceTree = "<group>";
		};
		1F3D61F720477CA3006AF3C4 /* Products */ = {
			isa = PBXGroup;
			children = (
				1F3D61F620477CA3006AF3C4 /* UnitTrust.app */,
				1F3D620D20477CA3006AF3C4 /* UnitTrustTests.xctest */,
				1F3D621820477CA3006AF3C4 /* UnitTrustUITests.xctest */,
			);
			name = Products;
			sourceTree = "<group>";
		};
		1F3D61F820477CA3006AF3C4 /* UnitTrust */ = {
			isa = PBXGroup;
			children = (
				1F3D61F920477CA3006AF3C4 /* AppDelegate.swift */,
				1F3D61FB20477CA3006AF3C4 /* ViewController.swift */,
				1F3D61FD20477CA3006AF3C4 /* Main.storyboard */,
				1F3D620320477CA3006AF3C4 /* Assets.xcassets */,
				1F3D620520477CA3006AF3C4 /* LaunchScreen.storyboard */,
				1F3D620820477CA3006AF3C4 /* Info.plist */,
				1F3D620020477CA3006AF3C4 /* UnitTrust.xcdatamodeld */,
			);
			path = UnitTrust;
			sourceTree = "<group>";
		};
		1F3D621020477CA3006AF3C4 /* UnitTrustTests */ = {
			isa = PBXGroup;
			children = (
				1F3D621120477CA3006AF3C4 /* UnitTrustTests.swift */,
				1F3D621320477CA3006AF3C4 /* Info.plist */,
			);
			path = UnitTrustTests;
			sourceTree = "<group>";
		};
		1F3D621B20477CA3006AF3C4 /* UnitTrustUITests */ = {
			isa = PBXGroup;
			children = (
				1F3D621C20477CA3006AF3C4 /* UnitTrustUITests.swift */,
				1F3D621E20477CA3006AF3C4 /* Info.plist */,
			);
			path = UnitTrustUITests;
			sourceTree = "<group>";
		};
/* End PBXGroup section */

/* Begin PBXNativeTarget section */
		1F3D61F520477CA3006AF3C4 /* UnitTrust */ = {
			isa = PBXNativeTarget;
			buildConfigurationList = 1F3D622120477CA3006AF3C4 /* Build configuration list for PBXNativeTarget "UnitTrust" */;
			buildPhases = (
				1F3D61F220477CA3006AF3C4 /* Sources */,
				1F3D61F320477CA3006AF3C4 /* Frameworks */,
				1F3D61F420477CA3006AF3C4 /* Resources */,
			);
			buildRules = (
			);
			dependencies = (
			);
			name = UnitTrust;
			productName = UnitTrust;
			productReference = 1F3D61F620477CA3006AF3C4 /* UnitTrust.app */;
			productType = "com.apple.product-type.application";
		};
		1F3D620C20477CA3006AF3C4 /* UnitTrustTests */ = {
			isa = PBXNativeTarget;
			buildConfigurationList = 1F3D622420477CA3006AF3C4 /* Build configuration list for PBXNativeTarget "UnitTrustTests" */;
			buildPhases = (
				1F3D620920477CA3006AF3C4 /* Sources */,
				1F3D620A20477CA3006AF3C4 /* Frameworks */,
				1F3D620B20477CA3006AF3C4 /* Resources */,
			);
			buildRules = (
			);
			dependencies = (
				1F3D620F20477CA3006AF3C4 /* PBXTargetDependency */,
			);
			name = UnitTrustTests;
			productName = UnitTrustTests;
			productReference = 1F3D620D20477CA3006AF3C4 /* UnitTrustTests.xctest */;
			productType = "com.apple.product-type.bundle.unit-test";
		};
		1F3D621720477CA3006AF3C4 /* UnitTrustUITests */ = {
			isa = PBXNativeTarget;
			buildConfigurationList = 1F3D622720477CA3006AF3C4 /* Build configuration list for PBXNativeTarget "UnitTrustUITests" */;
			buildPhases = (
				1F3D621420477CA3006AF3C4 /* Sources */,
				1F3D621520477CA3006AF3C4 /* Frameworks */,
				1F3D621620477CA3006AF3C4 /* Resources */,
			);
			buildRules = (
			);
			dependencies = (
				1F3D621A20477CA3006AF3C4 /* PBXTargetDependency */,
			);
			name = UnitTrustUITests;
			productName = UnitTrustUITests;
			productReference = 1F3D621820477CA3006AF3C4 /* UnitTrustUITests.xctest */;
			productType = "com.apple.product-type.bundle.ui-testing";
		};
/* End PBXNativeTarget section */

/* Begin PBXProject section */
		1F3D61EE20477CA3006AF3C4 /* Project object */ = {
			isa = PBXProject;
			attributes = {
				LastSwiftUpdateCheck = 0920;
				LastUpgradeCheck = 0920;
				ORGANIZATIONNAME = Jeff;
				TargetAttributes = {
					1F3D61F520477CA3006AF3C4 = {
						CreatedOnToolsVersion = 9.2;
						ProvisioningStyle = Automatic;
					};
					1F3D620C20477CA3006AF3C4 = {
						CreatedOnToolsVersion = 9.2;
						ProvisioningStyle = Automatic;
						TestTargetID = 1F3D61F520477CA3006AF3C4;
					};
					1F3D621720477CA3006AF3C4 = {
						CreatedOnToolsVersion = 9.2;
						ProvisioningStyle = Automatic;
						TestTargetID = 1F3D61F520477CA3006AF3C4;
					};
				};
			};
			buildConfigurationList = 1F3D61F120477CA3006AF3C4 /* Build configuration list for PBXProject "UnitTrust" */;
			compatibilityVersion = "Xcode 8.0";
			developmentRegion = en;
			hasScannedForEncodings = 0;
			knownRegions = (
				en,
				Base,
			);
			mainGroup = 1F3D61ED20477CA3006AF3C4;
			productRefGroup = 1F3D61F720477CA3006AF3C4 /* Products */;
			projectDirPath = "";
			projectRoot = "";
			targets = (
				1F3D61F520477CA3006AF3C4 /* UnitTrust */,
				1F3D620C20477CA3006AF3C4 /* UnitTrustTests */,
				1F3D621720477CA3006AF3C4 /* UnitTrustUITests */,
			);
		};
/* End PBXProject section */

/* Begin PBXResourcesBuildPhase section */
		1F3D61F420477CA3006AF3C4 /* Resources */ = {
			isa = PBXResourcesBuildPhase;
			buildActionMask = 2147483647;
			files = (
				1F3D620720477CA3006AF3C4 /* LaunchScreen.storyboard in Resources */,
				1F3D620420477CA3006AF3C4 /* Assets.xcassets in Resources */,
				1F3D61FF20477CA3006AF3C4 /* Main.storyboard in Resources */,
			);
			runOnlyForDeploymentPostprocessing = 0;
		};
		1F3D620B20477CA3006AF3C4 /* Resources */ = {
			isa = PBXResourcesBuildPhase;
			buildActionMask = 2147483647;
			files = (
			);
			runOnlyForDeploymentPostprocessing = 0;
		};
		1F3D621620477CA3006AF3C4 /* Resources */ = {
			isa = PBXResourcesBuildPhase;
			buildActionMask = 2147483647;
			files = (
			);
			runOnlyForDeploymentPostprocessing = 0;
		};
/* End PBXResourcesBuildPhase section */

/* Begin PBXSourcesBuildPhase section */
		1F3D61F220477CA3006AF3C4 /* Sources */ = {
			isa = PBXSourcesBuildPhase;
			buildActionMask = 2147483647;
			files = (
				1F3D61FC20477CA3006AF3C4 /* ViewController.swift in Sources */,
				1F3D61FA20477CA3006AF3C4 /* AppDelegate.swift in Sources */,
				1F3D620220477CA3006AF3C4 /* UnitTrust.xcdatamodeld in Sources */,
			);
			runOnlyForDeploymentPostprocessing = 0;
		};
		1F3D620920477CA3006AF3C4 /* Sources */ = {
			isa = PBXSourcesBuildPhase;
			buildActionMask = 2147483647;
			files = (
				1F3D621220477CA3006AF3C4 /* UnitTrustTests.swift in Sources */,
			);
			runOnlyForDeploymentPostprocessing = 0;
		};
		1F3D621420477CA3006AF3C4 /* Sources */ = {
			isa = PBXSourcesBuildPhase;
			buildActionMask = 2147483647;
			files = (
				1F3D621D20477CA3006AF3C4 /* UnitTrustUITests.swift in Sources */,
			);
			runOnlyForDeploymentPostprocessing = 0;
		};
/* End PBXSourcesBuildPhase section */

/* Begin PBXTargetDependency section */
		1F3D620F20477CA3006AF3C4 /* PBXTargetDependency */ = {
			isa = PBXTargetDependency;
			target = 1F3D61F520477CA3006AF3C4 /* UnitTrust */;
			targetProxy = 1F3D620E20477CA3006AF3C4 /* PBXContainerItemProxy */;
		};
		1F3D621A20477CA3006AF3C4 /* PBXTargetDependency */ = {
			isa = PBXTargetDependency;
			target = 1F3D61F520477CA3006AF3C4 /* UnitTrust */;
			targetProxy = 1F3D621920477CA3006AF3C4 /* PBXContainerItemProxy */;
		};
/* End PBXTargetDependency section */

/* Begin PBXVariantGroup section */
		1F3D61FD20477CA3006AF3C4 /* Main.storyboard */ = {
			isa = PBXVariantGroup;
			children = (
				1F3D61FE20477CA3006AF3C4 /* Base */,
			);
			name = Main.storyboard;
			sourceTree = "<group>";
		};
		1F3D620520477CA3006AF3C4 /* LaunchScreen.storyboard */ = {
			isa = PBXVariantGroup;
			children = (
				1F3D620620477CA3006AF3C4 /* Base */,
			);
			name = LaunchScreen.storyboard;
			sourceTree = "<group>";
		};
/* End PBXVariantGroup section */

/* Begin XCBuildConfiguration section */
		1F3D621F20477CA3006AF3C4 /* Debug */ = {
			isa = XCBuildConfiguration;
			buildSettings = {
				ALWAYS_SEARCH_USER_PATHS = NO;
				CLANG_ANALYZER_NONNULL = YES;
				CLANG_ANALYZER_NUMBER_OBJECT_CONVERSION = YES_AGGRESSIVE;
				CLANG_CXX_LANGUAGE_STANDARD = "gnu++14";
				CLANG_CXX_LIBRARY = "libc++";
				CLANG_ENABLE_MODULES = YES;
				CLANG_ENABLE_OBJC_ARC = YES;
				CLANG_WARN_BLOCK_CAPTURE_AUTORELEASING = YES;
				CLANG_WARN_BOOL_CONVERSION = YES;
				CLANG_WARN_COMMA = YES;
				CLANG_WARN_CONSTANT_CONVERSION = YES;
				CLANG_WARN_DIRECT_OBJC_ISA_USAGE = YES_ERROR;
				CLANG_WARN_DOCUMENTATION_COMMENTS = YES;
				CLANG_WARN_EMPTY_BODY = YES;
				CLANG_WARN_ENUM_CONVERSION = YES;
				CLANG_WARN_INFINITE_RECURSION = YES;
				CLANG_WARN_INT_CONVERSION = YES;
				CLANG_WARN_NON_LITERAL_NULL_CONVERSION = YES;
				CLANG_WARN_OBJC_LITERAL_CONVERSION = YES;
				CLANG_WARN_OBJC_ROOT_CLASS = YES_ERROR;
				CLANG_WARN_RANGE_LOOP_ANALYSIS = YES;
				CLANG_WARN_STRICT_PROTOTYPES = YES;
				CLANG_WARN_SUSPICIOUS_MOVE = YES;
				CLANG_WARN_UNGUARDED_AVAILABILITY = YES_AGGRESSIVE;
				CLANG_WARN_UNREACHABLE_CODE = YES;
				CLANG_WARN__DUPLICATE_METHOD_MATCH = YES;
				CODE_SIGN_IDENTITY = "iPhone Developer";
				COPY_PHASE_STRIP = NO;
				DEBUG_INFORMATION_FORMAT = dwarf;
				ENABLE_STRICT_OBJC_MSGSEND = YES;
				ENABLE_TESTABILITY = YES;
				GCC_C_LANGUAGE_STANDARD = gnu11;
				GCC_DYNAMIC_NO_PIC = NO;
				GCC_NO_COMMON_BLOCKS = YES;
				GCC_OPTIMIZATION_LEVEL = 0;
				GCC_PREPROCESSOR_DEFINITIONS = (
					"DEBUG=1",
					"$(inherited)",
				);
				GCC_WARN_64_TO_32_BIT_CONVERSION = YES;
				GCC_WARN_ABOUT_RETURN_TYPE = YES_ERROR;
				GCC_WARN_UNDECLARED_SELECTOR = YES;
				GCC_WARN_UNINITIALIZED_AUTOS = YES_AGGRESSIVE;
				GCC_WARN_UNUSED_FUNCTION = YES;
				GCC_WARN_UNUSED_VARIABLE = YES;
				IPHONEOS_DEPLOYMENT_TARGET = 11.2;
				MTL_ENABLE_DEBUG_INFO = YES;
				ONLY_ACTIVE_ARCH = YES;
				SDKROOT = iphoneos;
				SWIFT_ACTIVE_COMPILATION_CONDITIONS = DEBUG;
				SWIFT_OPTIMIZATION_LEVEL = "-Onone";
			};
			name = Debug;
		};
		1F3D622020477CA3006AF3C4 /* Release */ = {
			isa = XCBuildConfiguration;
			buildSettings = {
				ALWAYS_SEARCH_USER_PATHS = NO;
				CLANG_ANALYZER_NONNULL = YES;
				CLANG_ANALYZER_NUMBER_OBJECT_CONVERSION = YES_AGGRESSIVE;
				CLANG_CXX_LANGUAGE_STANDARD = "gnu++14";
				CLANG_CXX_LIBRARY = "libc++";
				CLANG_ENABLE_MODULES = YES;
				CLANG_ENABLE_OBJC_ARC = YES;
				CLANG_WARN_BLOCK_CAPTURE_AUTORELEASING = YES;
				CLANG_WARN_BOOL_CONVERSION = YES;
				CLANG_WARN_COMMA = YES;
				CLANG_WARN_CONSTANT_CONVERSION = YES;
				CLANG_WARN_DIRECT_OBJC_ISA_USAGE = YES_ERROR;
				CLANG_WARN_DOCUMENTATION_COMMENTS = YES;
				CLANG_WARN_EMPTY_BODY = YES;
				CLANG_WARN_ENUM_CONVERSION = YES;
				CLANG_WARN_INFINITE_RECURSION = YES;
				CLANG_WARN_INT_CONVERSION = YES;
				CLANG_WARN_NON_LITERAL_NULL_CONVERSION = YES;
				CLANG_WARN_OBJC_LITERAL_CONVERSION = YES;
				CLANG_WARN_OBJC_ROOT_CLASS = YES_ERROR;
				CLANG_WARN_RANGE_LOOP_ANALYSIS = YES;
				CLANG_WARN_STRICT_PROTOTYPES = YES;
				CLANG_WARN_SUSPICIOUS_MOVE = YES;
				CLANG_WARN_UNGUARDED_AVAILABILITY = YES_AGGRESSIVE;
				CLANG_WARN_UNREACHABLE_CODE = YES;
				CLANG_WARN__DUPLICATE_METHOD_MATCH = YES;
				CODE_SIGN_IDENTITY = "iPhone Developer";
				COPY_PHASE_STRIP = NO;
				DEBUG_INFORMATION_FORMAT = "dwarf-with-dsym";
				ENABLE_NS_ASSERTIONS = NO;
				ENABLE_STRICT_OBJC_MSGSEND = YES;
				GCC_C_LANGUAGE_STANDARD = gnu11;
				GCC_NO_COMMON_BLOCKS = YES;
				GCC_WARN_64_TO_32_BIT_CONVERSION = YES;
				GCC_WARN_ABOUT_RETURN_TYPE = YES_ERROR;
				GCC_WARN_UNDECLARED_SELECTOR = YES;
				GCC_WARN_UNINITIALIZED_AUTOS = YES_AGGRESSIVE;
				GCC_WARN_UNUSED_FUNCTION = YES;
				GCC_WARN_UNUSED_VARIABLE = YES;
				IPHONEOS_DEPLOYMENT_TARGET = 11.2;
				MTL_ENABLE_DEBUG_INFO = NO;
				SDKROOT = iphoneos;
				SWIFT_OPTIMIZATION_LEVEL = "-Owholemodule";
				VALIDATE_PRODUCT = YES;
			};
			name = Release;
		};
		1F3D622220477CA3006AF3C4 /* Debug */ = {
			isa = XCBuildConfiguration;
			buildSettings = {
				ASSETCATALOG_COMPILER_APPICON_NAME = AppIcon;
				CODE_SIGN_STYLE = Automatic;
				INFOPLIST_FILE = UnitTrust/Info.plist;
				LD_RUNPATH_SEARCH_PATHS = "$(inherited) @executable_path/Frameworks";
				PRODUCT_BUNDLE_IDENTIFIER = com.compass.UnitTrust;
				PRODUCT_NAME = "$(TARGET_NAME)";
				SWIFT_VERSION = 4.0;
				TARGETED_DEVICE_FAMILY = "1,2";
			};
			name = Debug;
		};
		1F3D622320477CA3006AF3C4 /* Release */ = {
			isa = XCBuildConfiguration;
			buildSettings = {
				ASSETCATALOG_COMPILER_APPICON_NAME = AppIcon;
				CODE_SIGN_STYLE = Automatic;
				INFOPLIST_FILE = UnitTrust/Info.plist;
				LD_RUNPATH_SEARCH_PATHS = "$(inherited) @executable_path/Frameworks";
				PRODUCT_BUNDLE_IDENTIFIER = com.compass.UnitTrust;
				PRODUCT_NAME = "$(TARGET_NAME)";
				SWIFT_VERSION = 4.0;
				TARGETED_DEVICE_FAMILY = "1,2";
			};
			name = Release;
		};
		1F3D622520477CA3006AF3C4 /* Debug */ = {
			isa = XCBuildConfiguration;
			buildSettings = {
				ALWAYS_EMBED_SWIFT_STANDARD_LIBRARIES = YES;
				BUNDLE_LOADER = "$(TEST_HOST)";
				CODE_SIGN_STYLE = Automatic;
				INFOPLIST_FILE = UnitTrustTests/Info.plist;
				LD_RUNPATH_SEARCH_PATHS = "$(inherited) @executable_path/Frameworks @loader_path/Frameworks";
				PRODUCT_BUNDLE_IDENTIFIER = com.compass.UnitTrustTests;
				PRODUCT_NAME = "$(TARGET_NAME)";
				SWIFT_VERSION = 4.0;
				TARGETED_DEVICE_FAMILY = "1,2";
				TEST_HOST = "$(BUILT_PRODUCTS_DIR)/UnitTrust.app/UnitTrust";
			};
			name = Debug;
		};
		1F3D622620477CA3006AF3C4 /* Release */ = {
			isa = XCBuildConfiguration;
			buildSettings = {
				ALWAYS_EMBED_SWIFT_STANDARD_LIBRARIES = YES;
				BUNDLE_LOADER = "$(TEST_HOST)";
				CODE_SIGN_STYLE = Automatic;
				INFOPLIST_FILE = UnitTrustTests/Info.plist;
				LD_RUNPATH_SEARCH_PATHS = "$(inherited) @executable_path/Frameworks @loader_path/Frameworks";
				PRODUCT_BUNDLE_IDENTIFIER = com.compass.UnitTrustTests;
				PRODUCT_NAME = "$(TARGET_NAME)";
				SWIFT_VERSION = 4.0;
				TARGETED_DEVICE_FAMILY = "1,2";
				TEST_HOST = "$(BUILT_PRODUCTS_DIR)/UnitTrust.app/UnitTrust";
			};
			name = Release;
		};
		1F3D622820477CA3006AF3C4 /* Debug */ = {
			isa = XCBuildConfiguration;
			buildSettings = {
				ALWAYS_EMBED_SWIFT_STANDARD_LIBRARIES = YES;
				CODE_SIGN_STYLE = Automatic;
				INFOPLIST_FILE = UnitTrustUITests/Info.plist;
				LD_RUNPATH_SEARCH_PATHS = "$(inherited) @executable_path/Frameworks @loader_path/Frameworks";
				PRODUCT_BUNDLE_IDENTIFIER = com.compass.UnitTrustUITests;
				PRODUCT_NAME = "$(TARGET_NAME)";
				SWIFT_VERSION = 4.0;
				TARGETED_DEVICE_FAMILY = "1,2";
				TEST_TARGET_NAME = UnitTrust;
			};
			name = Debug;
		};
		1F3D622920477CA3006AF3C4 /* Release */ = {
			isa = XCBuildConfiguration;
			buildSettings = {
				ALWAYS_EMBED_SWIFT_STANDARD_LIBRARIES = YES;
				CODE_SIGN_STYLE = Automatic;
				INFOPLIST_FILE = UnitTrustUITests/Info.plist;
				LD_RUNPATH_SEARCH_PATHS = "$(inherited) @executable_path/Frameworks @loader_path/Frameworks";
				PRODUCT_BUNDLE_IDENTIFIER = com.compass.UnitTrustUITests;
				PRODUCT_NAME = "$(TARGET_NAME)";
				SWIFT_VERSION = 4.0;
				TARGETED_DEVICE_FAMILY = "1,2";
				TEST_TARGET_NAME = UnitTrust;
			};
			name = Release;
		};
/* End XCBuildConfiguration section */

/* Begin XCConfigurationList section */
		1F3D61F120477CA3006AF3C4 /* Build configuration list for PBXProject "UnitTrust" */ = {
			isa = XCConfigurationList;
			buildConfigurations = (
				1F3D621F20477CA3006AF3C4 /* Debug */,
				1F3D622020477CA3006AF3C4 /* Release */,
			);
			defaultConfigurationIsVisible = 0;
			defaultConfigurationName = Release;
		};
		1F3D622120477CA3006AF3C4 /* Build configuration list for PBXNativeTarget "UnitTrust" */ = {
			isa = XCConfigurationList;
			buildConfigurations = (
				1F3D622220477CA3006AF3C4 /* Debug */,
				1F3D622320477CA3006AF3C4 /* Release */,
			);
			defaultConfigurationIsVisible = 0;
			defaultConfigurationName = Release;
		};
		1F3D622420477CA3006AF3C4 /* Build configuration list for PBXNativeTarget "UnitTrustTests" */ = {
			isa = XCConfigurationList;
			buildConfigurations = (
				1F3D622520477CA3006AF3C4 /* Debug */,
				1F3D622620477CA3006AF3C4 /* Release */,
			);
			defaultConfigurationIsVisible = 0;
			defaultConfigurationName = Release;
		};
		1F3D622720477CA3006AF3C4 /* Build configuration list for PBXNativeTarget "UnitTrustUITests" */ = {
			isa = XCConfigurationList;
			buildConfigurations = (
				1F3D622820477CA3006AF3C4 /* Debug */,
				1F3D622920477CA3006AF3C4 /* Release */,
			);
			defaultConfigurationIsVisible = 0;
			defaultConfigurationName = Release;
		};
/* End XCConfigurationList section */

/* Begin XCVersionGroup section */
		1F3D620020477CA3006AF3C4 /* UnitTrust.xcdatamodeld */ = {
			isa = XCVersionGroup;
			children = (
				1F3D620120477CA3006AF3C4 /* UnitTrust.xcdatamodel */,
			);
			currentVersion = 1F3D620120477CA3006AF3C4 /* UnitTrust.xcdatamodel */;
			path = UnitTrust.xcdatamodeld;
			sourceTree = "<group>";
			versionGroupType = wrapper.xcdatamodel;
		};
/* End XCVersionGroup section */
	};
	rootObject = 1F3D61EE20477CA3006AF3C4 /* Project object */;
}
