// !$*UTF8*$!
{
	archiveVersion = 1;
	classes = {
	};
	objectVersion = 48;
	objects = {

/* Begin PBXBuildFile section */
		1F3D61FA20477CA3006AF3C4 /* AppDelegate.swift in Sources */ = {isa = PBXBuildFile; fileRef = 1F3D61F920477CA3006AF3C4 /* AppDelegate.swift */; };
		1F3D61FC20477CA3006AF3C4 /* ViewController.swift in Sources */ = {isa = PBXBuildFile; fileRef = 1F3D61FB20477CA3006AF3C4 /* ViewController.swift */; };
		1F3D61FF20477CA3006AF3C4 /* Main.storyboard in Resources */ = {isa = PBXBuildFile; fileRef = 1F3D61FD20477CA3006AF3C4 /* Main.storyboard */; };
		1F3D620220477CA3006AF3C4 /* UnitTrust.xcdatamodeld in Sources */ = {isa = PBXBuildFile; fileRef = 1F3D620020477CA3006AF3C4 /* UnitTrust.xcdatamodeld */; };
		1F3D620420477CA3006AF3C4 /* Assets.xcassets in Resources */ = {isa = PBXBuildFile; fileRef = 1F3D620320477CA3006AF3C4 /* Assets.xcassets */; };
		1F3D620720477CA3006AF3C4 /* LaunchScreen.storyboard in Resources */ = {isa = PBXBuildFile; fileRef = 1F3D620520477CA3006AF3C4 /* LaunchScreen.storyboard */; };
		1F3D621220477CA3006AF3C4 /* UnitTrustTests.swift in Sources */ = {isa = PBXBuildFile; fileRef = 1F3D621120477CA3006AF3C4 /* UnitTrustTests.swift */; };
		1F3D621D20477CA3006AF3C4 /* UnitTrustUITests.swift in Sources */ = {isa = PBXBuildFile; fileRef = 1F3D621C20477CA3006AF3C4 /* UnitTrustUITests.swift */; };
		1F3D623120479269006AF3C4 /* SpreadsheetBottomColumnView.xib in Resources */ = {isa = PBXBuildFile; fileRef = 1F3D622D20479269006AF3C4 /* SpreadsheetBottomColumnView.xib */; };
		1F3D623220479269006AF3C4 /* SpreadsheetRightRowView.xib in Resources */ = {isa = PBXBuildFile; fileRef = 1F3D622E20479269006AF3C4 /* SpreadsheetRightRowView.xib */; };
		1F3D623320479269006AF3C4 /* SpreadsheetLeftRowView.xib in Resources */ = {isa = PBXBuildFile; fileRef = 1F3D622F20479269006AF3C4 /* SpreadsheetLeftRowView.xib */; };
		1F3D623420479269006AF3C4 /* SpreadsheetTopColumnView.xib in Resources */ = {isa = PBXBuildFile; fileRef = 1F3D623020479269006AF3C4 /* SpreadsheetTopColumnView.xib */; };
		1F3D623A20479282006AF3C4 /* SpreadsheetBottomRightDecorationView.xib in Resources */ = {isa = PBXBuildFile; fileRef = 1F3D623620479282006AF3C4 /* SpreadsheetBottomRightDecorationView.xib */; };
		1F3D623B20479282006AF3C4 /* SpreadsheetTopLeftDecorationView.xib in Resources */ = {isa = PBXBuildFile; fileRef = 1F3D623720479282006AF3C4 /* SpreadsheetTopLeftDecorationView.xib */; };
		1F3D623C20479282006AF3C4 /* SpreadsheetTopRightDecorationView.xib in Resources */ = {isa = PBXBuildFile; fileRef = 1F3D623820479282006AF3C4 /* SpreadsheetTopRightDecorationView.xib */; };
		1F3D623D20479282006AF3C4 /* SpreadsheetBottomLeftDecorationView.xib in Resources */ = {isa = PBXBuildFile; fileRef = 1F3D623920479282006AF3C4 /* SpreadsheetBottomLeftDecorationView.xib */; };
		1F3D623F204792C0006AF3C4 /* SpreadsheetCollectionReusableView.swift in Sources */ = {isa = PBXBuildFile; fileRef = 1F3D623E204792C0006AF3C4 /* SpreadsheetCollectionReusableView.swift */; };
		1F3D624120479779006AF3C4 /* DataCollectionViewCell.swift in Sources */ = {isa = PBXBuildFile; fileRef = 1F3D624020479779006AF3C4 /* DataCollectionViewCell.swift */; };
		1F3D62432047A207006AF3C4 /* LandingViewController.swift in Sources */ = {isa = PBXBuildFile; fileRef = 1F3D62422047A207006AF3C4 /* LandingViewController.swift */; };
		2CFC42496AA92AD02C9B591E /* Pods_UnitTrustTests.framework in Frameworks */ = {isa = PBXBuildFile; fileRef = 1F3D6B0E5ECD67907CF925E1 /* Pods_UnitTrustTests.framework */; };
		59CFBE24E8E3330CE7825E9F /* Pods_UnitTrustUITests.framework in Frameworks */ = {isa = PBXBuildFile; fileRef = 59A48CFE8EE20DABB677C8CC /* Pods_UnitTrustUITests.framework */; };
		BCF3B73C204837BE000A2BE0 /* LoginViewInterface.xib in Resources */ = {isa = PBXBuildFile; fileRef = BCF3B735204837BE000A2BE0 /* LoginViewInterface.xib */; };
		BCF3B73D204837BE000A2BE0 /* ForgotPasswordView.swift in Sources */ = {isa = PBXBuildFile; fileRef = BCF3B736204837BE000A2BE0 /* ForgotPasswordView.swift */; };
		BCF3B73E204837BE000A2BE0 /* LoadingView.xib in Resources */ = {isa = PBXBuildFile; fileRef = BCF3B737204837BE000A2BE0 /* LoadingView.xib */; };
		BCF3B73F204837BE000A2BE0 /* LoginViewInterface.swift in Sources */ = {isa = PBXBuildFile; fileRef = BCF3B738204837BE000A2BE0 /* LoginViewInterface.swift */; };
		BCF3B740204837BE000A2BE0 /* SignupProfileView.swift in Sources */ = {isa = PBXBuildFile; fileRef = BCF3B739204837BE000A2BE0 /* SignupProfileView.swift */; };
		BCF3B741204837BE000A2BE0 /* ForgotPasswordView.xib in Resources */ = {isa = PBXBuildFile; fileRef = BCF3B73A204837BE000A2BE0 /* ForgotPasswordView.xib */; };
		BCF3B742204837BE000A2BE0 /* SignupProfileView.xib in Resources */ = {isa = PBXBuildFile; fileRef = BCF3B73B204837BE000A2BE0 /* SignupProfileView.xib */; };
		CDFCBDB27C461C4B747118CD /* Pods_UnitTrust.framework in Frameworks */ = {isa = PBXBuildFile; fileRef = FF2B51086C2D94226C41D854 /* Pods_UnitTrust.framework */; };
/* End PBXBuildFile section */

/* Begin PBXContainerItemProxy section */
		1F3D620E20477CA3006AF3C4 /* PBXContainerItemProxy */ = {
			isa = PBXContainerItemProxy;
			containerPortal = 1F3D61EE20477CA3006AF3C4 /* Project object */;
			proxyType = 1;
			remoteGlobalIDString = 1F3D61F520477CA3006AF3C4;
			remoteInfo = UnitTrust;
		};
		1F3D621920477CA3006AF3C4 /* PBXContainerItemProxy */ = {
			isa = PBXContainerItemProxy;
			containerPortal = 1F3D61EE20477CA3006AF3C4 /* Project object */;
			proxyType = 1;
			remoteGlobalIDString = 1F3D61F520477CA3006AF3C4;
			remoteInfo = UnitTrust;
		};
/* End PBXContainerItemProxy section */

/* Begin PBXFileReference section */
		1F3D61F620477CA3006AF3C4 /* UnitTrust.app */ = {isa = PBXFileReference; explicitFileType = wrapper.application; includeInIndex = 0; path = UnitTrust.app; sourceTree = BUILT_PRODUCTS_DIR; };
		1F3D61F920477CA3006AF3C4 /* AppDelegate.swift */ = {isa = PBXFileReference; lastKnownFileType = sourcecode.swift; path = AppDelegate.swift; sourceTree = "<group>"; };
		1F3D61FB20477CA3006AF3C4 /* ViewController.swift */ = {isa = PBXFileReference; lastKnownFileType = sourcecode.swift; path = ViewController.swift; sourceTree = "<group>"; };
		1F3D61FE20477CA3006AF3C4 /* Base */ = {isa = PBXFileReference; lastKnownFileType = file.storyboard; name = Base; path = Base.lproj/Main.storyboard; sourceTree = "<group>"; };
		1F3D620120477CA3006AF3C4 /* UnitTrust.xcdatamodel */ = {isa = PBXFileReference; lastKnownFileType = wrapper.xcdatamodel; path = UnitTrust.xcdatamodel; sourceTree = "<group>"; };
		1F3D620320477CA3006AF3C4 /* Assets.xcassets */ = {isa = PBXFileReference; lastKnownFileType = folder.assetcatalog; path = Assets.xcassets; sourceTree = "<group>"; };
		1F3D620620477CA3006AF3C4 /* Base */ = {isa = PBXFileReference; lastKnownFileType = file.storyboard; name = Base; path = Base.lproj/LaunchScreen.storyboard; sourceTree = "<group>"; };
		1F3D620820477CA3006AF3C4 /* Info.plist */ = {isa = PBXFileReference; lastKnownFileType = text.plist.xml; path = Info.plist; sourceTree = "<group>"; };
		1F3D620D20477CA3006AF3C4 /* UnitTrustTests.xctest */ = {isa = PBXFileReference; explicitFileType = wrapper.cfbundle; includeInIndex = 0; path = UnitTrustTests.xctest; sourceTree = BUILT_PRODUCTS_DIR; };
		1F3D621120477CA3006AF3C4 /* UnitTrustTests.swift */ = {isa = PBXFileReference; lastKnownFileType = sourcecode.swift; path = UnitTrustTests.swift; sourceTree = "<group>"; };
		1F3D621320477CA3006AF3C4 /* Info.plist */ = {isa = PBXFileReference; lastKnownFileType = text.plist.xml; path = Info.plist; sourceTree = "<group>"; };
		1F3D621820477CA3006AF3C4 /* UnitTrustUITests.xctest */ = {isa = PBXFileReference; explicitFileType = wrapper.cfbundle; includeInIndex = 0; path = UnitTrustUITests.xctest; sourceTree = BUILT_PRODUCTS_DIR; };
		1F3D621C20477CA3006AF3C4 /* UnitTrustUITests.swift */ = {isa = PBXFileReference; lastKnownFileType = sourcecode.swift; path = UnitTrustUITests.swift; sourceTree = "<group>"; };
		1F3D621E20477CA3006AF3C4 /* Info.plist */ = {isa = PBXFileReference; lastKnownFileType = text.plist.xml; path = Info.plist; sourceTree = "<group>"; };
		1F3D622D20479269006AF3C4 /* SpreadsheetBottomColumnView.xib */ = {isa = PBXFileReference; fileEncoding = 4; lastKnownFileType = file.xib; path = SpreadsheetBottomColumnView.xib; sourceTree = "<group>"; };
		1F3D622E20479269006AF3C4 /* SpreadsheetRightRowView.xib */ = {isa = PBXFileReference; fileEncoding = 4; lastKnownFileType = file.xib; path = SpreadsheetRightRowView.xib; sourceTree = "<group>"; };
		1F3D622F20479269006AF3C4 /* SpreadsheetLeftRowView.xib */ = {isa = PBXFileReference; fileEncoding = 4; lastKnownFileType = file.xib; path = SpreadsheetLeftRowView.xib; sourceTree = "<group>"; };
		1F3D623020479269006AF3C4 /* SpreadsheetTopColumnView.xib */ = {isa = PBXFileReference; fileEncoding = 4; lastKnownFileType = file.xib; path = SpreadsheetTopColumnView.xib; sourceTree = "<group>"; };
		1F3D623620479282006AF3C4 /* SpreadsheetBottomRightDecorationView.xib */ = {isa = PBXFileReference; fileEncoding = 4; lastKnownFileType = file.xib; path = SpreadsheetBottomRightDecorationView.xib; sourceTree = "<group>"; };
		1F3D623720479282006AF3C4 /* SpreadsheetTopLeftDecorationView.xib */ = {isa = PBXFileReference; fileEncoding = 4; lastKnownFileType = file.xib; path = SpreadsheetTopLeftDecorationView.xib; sourceTree = "<group>"; };
		1F3D623820479282006AF3C4 /* SpreadsheetTopRightDecorationView.xib */ = {isa = PBXFileReference; fileEncoding = 4; lastKnownFileType = file.xib; path = SpreadsheetTopRightDecorationView.xib; sourceTree = "<group>"; };
		1F3D623920479282006AF3C4 /* SpreadsheetBottomLeftDecorationView.xib */ = {isa = PBXFileReference; fileEncoding = 4; lastKnownFileType = file.xib; path = SpreadsheetBottomLeftDecorationView.xib; sourceTree = "<group>"; };
		1F3D623E204792C0006AF3C4 /* SpreadsheetCollectionReusableView.swift */ = {isa = PBXFileReference; lastKnownFileType = sourcecode.swift; path = SpreadsheetCollectionReusableView.swift; sourceTree = "<group>"; };
		1F3D624020479779006AF3C4 /* DataCollectionViewCell.swift */ = {isa = PBXFileReference; lastKnownFileType = sourcecode.swift; path = DataCollectionViewCell.swift; sourceTree = "<group>"; };
		1F3D62422047A207006AF3C4 /* LandingViewController.swift */ = {isa = PBXFileReference; lastKnownFileType = sourcecode.swift; path = LandingViewController.swift; sourceTree = "<group>"; };
		1F3D6B0E5ECD67907CF925E1 /* Pods_UnitTrustTests.framework */ = {isa = PBXFileReference; explicitFileType = wrapper.framework; includeInIndex = 0; path = Pods_UnitTrustTests.framework; sourceTree = BUILT_PRODUCTS_DIR; };
		2654BA45F7ADA6D70270D82E /* Pods-UnitTrustUITests.debug.xcconfig */ = {isa = PBXFileReference; includeInIndex = 1; lastKnownFileType = text.xcconfig; name = "Pods-UnitTrustUITests.debug.xcconfig"; path = "Pods/Target Support Files/Pods-UnitTrustUITests/Pods-UnitTrustUITests.debug.xcconfig"; sourceTree = "<group>"; };
		269F11B1AD8E1B5F3A749453 /* Pods-UnitTrust.debug.xcconfig */ = {isa = PBXFileReference; includeInIndex = 1; lastKnownFileType = text.xcconfig; name = "Pods-UnitTrust.debug.xcconfig"; path = "Pods/Target Support Files/Pods-UnitTrust/Pods-UnitTrust.debug.xcconfig"; sourceTree = "<group>"; };
		4953D9D6B64DA557EF8096B6 /* Pods-UnitTrust.release.xcconfig */ = {isa = PBXFileReference; includeInIndex = 1; lastKnownFileType = text.xcconfig; name = "Pods-UnitTrust.release.xcconfig"; path = "Pods/Target Support Files/Pods-UnitTrust/Pods-UnitTrust.release.xcconfig"; sourceTree = "<group>"; };
		59A48CFE8EE20DABB677C8CC /* Pods_UnitTrustUITests.framework */ = {isa = PBXFileReference; explicitFileType = wrapper.framework; includeInIndex = 0; path = Pods_UnitTrustUITests.framework; sourceTree = BUILT_PRODUCTS_DIR; };
		7A87D12AE67616438B6E0119 /* Pods-UnitTrustUITests.release.xcconfig */ = {isa = PBXFileReference; includeInIndex = 1; lastKnownFileType = text.xcconfig; name = "Pods-UnitTrustUITests.release.xcconfig"; path = "Pods/Target Support Files/Pods-UnitTrustUITests/Pods-UnitTrustUITests.release.xcconfig"; sourceTree = "<group>"; };
		BCF3B735204837BE000A2BE0 /* LoginViewInterface.xib */ = {isa = PBXFileReference; fileEncoding = 4; lastKnownFileType = file.xib; path = LoginViewInterface.xib; sourceTree = "<group>"; };
		BCF3B736204837BE000A2BE0 /* ForgotPasswordView.swift */ = {isa = PBXFileReference; fileEncoding = 4; lastKnownFileType = sourcecode.swift; path = ForgotPasswordView.swift; sourceTree = "<group>"; };
		BCF3B737204837BE000A2BE0 /* LoadingView.xib */ = {isa = PBXFileReference; fileEncoding = 4; lastKnownFileType = file.xib; path = LoadingView.xib; sourceTree = "<group>"; };
		BCF3B738204837BE000A2BE0 /* LoginViewInterface.swift */ = {isa = PBXFileReference; fileEncoding = 4; lastKnownFileType = sourcecode.swift; path = LoginViewInterface.swift; sourceTree = "<group>"; };
		BCF3B739204837BE000A2BE0 /* SignupProfileView.swift */ = {isa = PBXFileReference; fileEncoding = 4; lastKnownFileType = sourcecode.swift; path = SignupProfileView.swift; sourceTree = "<group>"; };
		BCF3B73A204837BE000A2BE0 /* ForgotPasswordView.xib */ = {isa = PBXFileReference; fileEncoding = 4; lastKnownFileType = file.xib; path = ForgotPasswordView.xib; sourceTree = "<group>"; };
		BCF3B73B204837BE000A2BE0 /* SignupProfileView.xib */ = {isa = PBXFileReference; fileEncoding = 4; lastKnownFileType = file.xib; path = SignupProfileView.xib; sourceTree = "<group>"; };
		D0E16A78148326F09C64C274 /* Pods-UnitTrustTests.release.xcconfig */ = {isa = PBXFileReference; includeInIndex = 1; lastKnownFileType = text.xcconfig; name = "Pods-UnitTrustTests.release.xcconfig"; path = "Pods/Target Support Files/Pods-UnitTrustTests/Pods-UnitTrustTests.release.xcconfig"; sourceTree = "<group>"; };
		F69D0AF892301F5B43786774 /* Pods-UnitTrustTests.debug.xcconfig */ = {isa = PBXFileReference; includeInIndex = 1; lastKnownFileType = text.xcconfig; name = "Pods-UnitTrustTests.debug.xcconfig"; path = "Pods/Target Support Files/Pods-UnitTrustTests/Pods-UnitTrustTests.debug.xcconfig"; sourceTree = "<group>"; };
		FF2B51086C2D94226C41D854 /* Pods_UnitTrust.framework */ = {isa = PBXFileReference; explicitFileType = wrapper.framework; includeInIndex = 0; path = Pods_UnitTrust.framework; sourceTree = BUILT_PRODUCTS_DIR; };
/* End PBXFileReference section */

/* Begin PBXFrameworksBuildPhase section */
		1F3D61F320477CA3006AF3C4 /* Frameworks */ = {
			isa = PBXFrameworksBuildPhase;
			buildActionMask = 2147483647;
			files = (
				CDFCBDB27C461C4B747118CD /* Pods_UnitTrust.framework in Frameworks */,
			);
			runOnlyForDeploymentPostprocessing = 0;
		};
		1F3D620A20477CA3006AF3C4 /* Frameworks */ = {
			isa = PBXFrameworksBuildPhase;
			buildActionMask = 2147483647;
			files = (
				2CFC42496AA92AD02C9B591E /* Pods_UnitTrustTests.framework in Frameworks */,
			);
			runOnlyForDeploymentPostprocessing = 0;
		};
		1F3D621520477CA3006AF3C4 /* Frameworks */ = {
			isa = PBXFrameworksBuildPhase;
			buildActionMask = 2147483647;
			files = (
				59CFBE24E8E3330CE7825E9F /* Pods_UnitTrustUITests.framework in Frameworks */,
			);
			runOnlyForDeploymentPostprocessing = 0;
		};
/* End PBXFrameworksBuildPhase section */

/* Begin PBXGroup section */
		1F3D61ED20477CA3006AF3C4 = {
			isa = PBXGroup;
			children = (
				1F3D61F820477CA3006AF3C4 /* UnitTrust */,
				1F3D621020477CA3006AF3C4 /* UnitTrustTests */,
				1F3D621B20477CA3006AF3C4 /* UnitTrustUITests */,
				1F3D61F720477CA3006AF3C4 /* Products */,
				37927A63472E45EE93A234D6 /* Pods */,
				83FFC641FE9F84D836427979 /* Frameworks */,
			);
			sourceTree = "<group>";
		};
		1F3D61F720477CA3006AF3C4 /* Products */ = {
			isa = PBXGroup;
			children = (
				1F3D61F620477CA3006AF3C4 /* UnitTrust.app */,
				1F3D620D20477CA3006AF3C4 /* UnitTrustTests.xctest */,
				1F3D621820477CA3006AF3C4 /* UnitTrustUITests.xctest */,
			);
			name = Products;
			sourceTree = "<group>";
		};
		1F3D61F820477CA3006AF3C4 /* UnitTrust */ = {
			isa = PBXGroup;
			children = (
				BCF3B7342048378C000A2BE0 /* View */,
				1F3D623520479279006AF3C4 /* DecorationViews */,
				1F3D622C2047925C006AF3C4 /* SupplementaryViews */,
				1F3D61F920477CA3006AF3C4 /* AppDelegate.swift */,
				1F3D624020479779006AF3C4 /* DataCollectionViewCell.swift */,
				1F3D61FB20477CA3006AF3C4 /* ViewController.swift */,
				1F3D62422047A207006AF3C4 /* LandingViewController.swift */,
				1F3D623E204792C0006AF3C4 /* SpreadsheetCollectionReusableView.swift */,
				1F3D61FD20477CA3006AF3C4 /* Main.storyboard */,
				1F3D620320477CA3006AF3C4 /* Assets.xcassets */,
				1F3D620520477CA3006AF3C4 /* LaunchScreen.storyboard */,
				1F3D620820477CA3006AF3C4 /* Info.plist */,
				1F3D620020477CA3006AF3C4 /* UnitTrust.xcdatamodeld */,
			);
			path = UnitTrust;
			sourceTree = "<group>";
		};
		1F3D621020477CA3006AF3C4 /* UnitTrustTests */ = {
			isa = PBXGroup;
			children = (
				1F3D621120477CA3006AF3C4 /* UnitTrustTests.swift */,
				1F3D621320477CA3006AF3C4 /* Info.plist */,
			);
			path = UnitTrustTests;
			sourceTree = "<group>";
		};
		1F3D621B20477CA3006AF3C4 /* UnitTrustUITests */ = {
			isa = PBXGroup;
			children = (
				1F3D621C20477CA3006AF3C4 /* UnitTrustUITests.swift */,
				1F3D621E20477CA3006AF3C4 /* Info.plist */,
			);
			path = UnitTrustUITests;
			sourceTree = "<group>";
		};
		1F3D622C2047925C006AF3C4 /* SupplementaryViews */ = {
			isa = PBXGroup;
			children = (
				1F3D622D20479269006AF3C4 /* SpreadsheetBottomColumnView.xib */,
				1F3D622F20479269006AF3C4 /* SpreadsheetLeftRowView.xib */,
				1F3D622E20479269006AF3C4 /* SpreadsheetRightRowView.xib */,
				1F3D623020479269006AF3C4 /* SpreadsheetTopColumnView.xib */,
			);
			path = SupplementaryViews;
			sourceTree = "<group>";
		};
		1F3D623520479279006AF3C4 /* DecorationViews */ = {
			isa = PBXGroup;
			children = (
				1F3D623920479282006AF3C4 /* SpreadsheetBottomLeftDecorationView.xib */,
				1F3D623620479282006AF3C4 /* SpreadsheetBottomRightDecorationView.xib */,
				1F3D623720479282006AF3C4 /* SpreadsheetTopLeftDecorationView.xib */,
				1F3D623820479282006AF3C4 /* SpreadsheetTopRightDecorationView.xib */,
			);
			path = DecorationViews;
			sourceTree = "<group>";
		};
		37927A63472E45EE93A234D6 /* Pods */ = {
			isa = PBXGroup;
			children = (
				269F11B1AD8E1B5F3A749453 /* Pods-UnitTrust.debug.xcconfig */,
				4953D9D6B64DA557EF8096B6 /* Pods-UnitTrust.release.xcconfig */,
				F69D0AF892301F5B43786774 /* Pods-UnitTrustTests.debug.xcconfig */,
				D0E16A78148326F09C64C274 /* Pods-UnitTrustTests.release.xcconfig */,
				2654BA45F7ADA6D70270D82E /* Pods-UnitTrustUITests.debug.xcconfig */,
				7A87D12AE67616438B6E0119 /* Pods-UnitTrustUITests.release.xcconfig */,
			);
			name = Pods;
			sourceTree = "<group>";
		};
		83FFC641FE9F84D836427979 /* Frameworks */ = {
			isa = PBXGroup;
			children = (
				FF2B51086C2D94226C41D854 /* Pods_UnitTrust.framework */,
				1F3D6B0E5ECD67907CF925E1 /* Pods_UnitTrustTests.framework */,
				59A48CFE8EE20DABB677C8CC /* Pods_UnitTrustUITests.framework */,
			);
			name = Frameworks;
			sourceTree = "<group>";
		};
		BCF3B7342048378C000A2BE0 /* View */ = {
			isa = PBXGroup;
			children = (
				BCF3B736204837BE000A2BE0 /* ForgotPasswordView.swift */,
				BCF3B73A204837BE000A2BE0 /* ForgotPasswordView.xib */,
				BCF3B737204837BE000A2BE0 /* LoadingView.xib */,
				BCF3B738204837BE000A2BE0 /* LoginViewInterface.swift */,
				BCF3B735204837BE000A2BE0 /* LoginViewInterface.xib */,
				BCF3B739204837BE000A2BE0 /* SignupProfileView.swift */,
				BCF3B73B204837BE000A2BE0 /* SignupProfileView.xib */,
			);
			path = View;
			sourceTree = "<group>";
		};
/* End PBXGroup section */

/* Begin PBXNativeTarget section */
		1F3D61F520477CA3006AF3C4 /* UnitTrust */ = {
			isa = PBXNativeTarget;
			buildConfigurationList = 1F3D622120477CA3006AF3C4 /* Build configuration list for PBXNativeTarget "UnitTrust" */;
			buildPhases = (
				8CCCB3AF5FF4E0306C8900A6 /* [CP] Check Pods Manifest.lock */,
				1F3D61F220477CA3006AF3C4 /* Sources */,
				1F3D61F320477CA3006AF3C4 /* Frameworks */,
				1F3D61F420477CA3006AF3C4 /* Resources */,
				684F5633A5BE753E0E133AAA /* [CP] Embed Pods Frameworks */,
				21AB1F7E13D9A406C3D4F2F0 /* [CP] Copy Pods Resources */,
			);
			buildRules = (
			);
			dependencies = (
			);
			name = UnitTrust;
			productName = UnitTrust;
			productReference = 1F3D61F620477CA3006AF3C4 /* UnitTrust.app */;
			productType = "com.apple.product-type.application";
		};
		1F3D620C20477CA3006AF3C4 /* UnitTrustTests */ = {
			isa = PBXNativeTarget;
			buildConfigurationList = 1F3D622420477CA3006AF3C4 /* Build configuration list for PBXNativeTarget "UnitTrustTests" */;
			buildPhases = (
				ABA22E003EC4E0225B6A20AD /* [CP] Check Pods Manifest.lock */,
				1F3D620920477CA3006AF3C4 /* Sources */,
				1F3D620A20477CA3006AF3C4 /* Frameworks */,
				1F3D620B20477CA3006AF3C4 /* Resources */,
				48C0A5098C3A2D2B63D21515 /* [CP] Embed Pods Frameworks */,
				8621AD501FDDD2440FFF5DD6 /* [CP] Copy Pods Resources */,
			);
			buildRules = (
			);
			dependencies = (
				1F3D620F20477CA3006AF3C4 /* PBXTargetDependency */,
			);
			name = UnitTrustTests;
			productName = UnitTrustTests;
			productReference = 1F3D620D20477CA3006AF3C4 /* UnitTrustTests.xctest */;
			productType = "com.apple.product-type.bundle.unit-test";
		};
		1F3D621720477CA3006AF3C4 /* UnitTrustUITests */ = {
			isa = PBXNativeTarget;
			buildConfigurationList = 1F3D622720477CA3006AF3C4 /* Build configuration list for PBXNativeTarget "UnitTrustUITests" */;
			buildPhases = (
				BE7FEA7AF6A3353256308966 /* [CP] Check Pods Manifest.lock */,
				1F3D621420477CA3006AF3C4 /* Sources */,
				1F3D621520477CA3006AF3C4 /* Frameworks */,
				1F3D621620477CA3006AF3C4 /* Resources */,
				43BE4CA81CC0217CB2F7CFEC /* [CP] Embed Pods Frameworks */,
				A00D3EAA971C9D7C85465BD7 /* [CP] Copy Pods Resources */,
			);
			buildRules = (
			);
			dependencies = (
				1F3D621A20477CA3006AF3C4 /* PBXTargetDependency */,
			);
			name = UnitTrustUITests;
			productName = UnitTrustUITests;
			productReference = 1F3D621820477CA3006AF3C4 /* UnitTrustUITests.xctest */;
			productType = "com.apple.product-type.bundle.ui-testing";
		};
/* End PBXNativeTarget section */

/* Begin PBXProject section */
		1F3D61EE20477CA3006AF3C4 /* Project object */ = {
			isa = PBXProject;
			attributes = {
				LastSwiftUpdateCheck = 0920;
				LastUpgradeCheck = 0920;
				ORGANIZATIONNAME = Jeff;
				TargetAttributes = {
					1F3D61F520477CA3006AF3C4 = {
						CreatedOnToolsVersion = 9.2;
						ProvisioningStyle = Automatic;
					};
					1F3D620C20477CA3006AF3C4 = {
						CreatedOnToolsVersion = 9.2;
						ProvisioningStyle = Automatic;
						TestTargetID = 1F3D61F520477CA3006AF3C4;
					};
					1F3D621720477CA3006AF3C4 = {
						CreatedOnToolsVersion = 9.2;
						ProvisioningStyle = Automatic;
						TestTargetID = 1F3D61F520477CA3006AF3C4;
					};
				};
			};
			buildConfigurationList = 1F3D61F120477CA3006AF3C4 /* Build configuration list for PBXProject "UnitTrust" */;
			compatibilityVersion = "Xcode 8.0";
			developmentRegion = en;
			hasScannedForEncodings = 0;
			knownRegions = (
				en,
				Base,
			);
			mainGroup = 1F3D61ED20477CA3006AF3C4;
			productRefGroup = 1F3D61F720477CA3006AF3C4 /* Products */;
			projectDirPath = "";
			projectRoot = "";
			targets = (
				1F3D61F520477CA3006AF3C4 /* UnitTrust */,
				1F3D620C20477CA3006AF3C4 /* UnitTrustTests */,
				1F3D621720477CA3006AF3C4 /* UnitTrustUITests */,
			);
		};
/* End PBXProject section */

/* Begin PBXResourcesBuildPhase section */
		1F3D61F420477CA3006AF3C4 /* Resources */ = {
			isa = PBXResourcesBuildPhase;
			buildActionMask = 2147483647;
			files = (
				BCF3B73C204837BE000A2BE0 /* LoginViewInterface.xib in Resources */,
				1F3D623220479269006AF3C4 /* SpreadsheetRightRowView.xib in Resources */,
				1F3D620720477CA3006AF3C4 /* LaunchScreen.storyboard in Resources */,
				1F3D623C20479282006AF3C4 /* SpreadsheetTopRightDecorationView.xib in Resources */,
				BCF3B742204837BE000A2BE0 /* SignupProfileView.xib in Resources */,
				1F3D620420477CA3006AF3C4 /* Assets.xcassets in Resources */,
				1F3D623120479269006AF3C4 /* SpreadsheetBottomColumnView.xib in Resources */,
				BCF3B741204837BE000A2BE0 /* ForgotPasswordView.xib in Resources */,
				1F3D623420479269006AF3C4 /* SpreadsheetTopColumnView.xib in Resources */,
				1F3D623B20479282006AF3C4 /* SpreadsheetTopLeftDecorationView.xib in Resources */,
				1F3D61FF20477CA3006AF3C4 /* Main.storyboard in Resources */,
				1F3D623D20479282006AF3C4 /* SpreadsheetBottomLeftDecorationView.xib in Resources */,
				BCF3B73E204837BE000A2BE0 /* LoadingView.xib in Resources */,
				1F3D623320479269006AF3C4 /* SpreadsheetLeftRowView.xib in Resources */,
				1F3D623A20479282006AF3C4 /* SpreadsheetBottomRightDecorationView.xib in Resources */,
			);
			runOnlyForDeploymentPostprocessing = 0;
		};
		1F3D620B20477CA3006AF3C4 /* Resources */ = {
			isa = PBXResourcesBuildPhase;
			buildActionMask = 2147483647;
			files = (
			);
			runOnlyForDeploymentPostprocessing = 0;
		};
		1F3D621620477CA3006AF3C4 /* Resources */ = {
			isa = PBXResourcesBuildPhase;
			buildActionMask = 2147483647;
			files = (
			);
			runOnlyForDeploymentPostprocessing = 0;
		};
/* End PBXResourcesBuildPhase section */

/* Begin PBXShellScriptBuildPhase section */
		21AB1F7E13D9A406C3D4F2F0 /* [CP] Copy Pods Resources */ = {
			isa = PBXShellScriptBuildPhase;
			buildActionMask = 2147483647;
			files = (
			);
			inputPaths = (
			);
			name = "[CP] Copy Pods Resources";
			outputPaths = (
			);
			runOnlyForDeploymentPostprocessing = 0;
			shellPath = /bin/sh;
			shellScript = "\"${SRCROOT}/Pods/Target Support Files/Pods-UnitTrust/Pods-UnitTrust-resources.sh\"\n";
			showEnvVarsInLog = 0;
		};
		43BE4CA81CC0217CB2F7CFEC /* [CP] Embed Pods Frameworks */ = {
			isa = PBXShellScriptBuildPhase;
			buildActionMask = 2147483647;
			files = (
			);
			inputPaths = (
			);
			name = "[CP] Embed Pods Frameworks";
			outputPaths = (
			);
			runOnlyForDeploymentPostprocessing = 0;
			shellPath = /bin/sh;
			shellScript = "\"${SRCROOT}/Pods/Target Support Files/Pods-UnitTrustUITests/Pods-UnitTrustUITests-frameworks.sh\"\n";
			showEnvVarsInLog = 0;
		};
		48C0A5098C3A2D2B63D21515 /* [CP] Embed Pods Frameworks */ = {
			isa = PBXShellScriptBuildPhase;
			buildActionMask = 2147483647;
			files = (
			);
			inputPaths = (
			);
			name = "[CP] Embed Pods Frameworks";
			outputPaths = (
			);
			runOnlyForDeploymentPostprocessing = 0;
			shellPath = /bin/sh;
			shellScript = "\"${SRCROOT}/Pods/Target Support Files/Pods-UnitTrustTests/Pods-UnitTrustTests-frameworks.sh\"\n";
			showEnvVarsInLog = 0;
		};
		684F5633A5BE753E0E133AAA /* [CP] Embed Pods Frameworks */ = {
			isa = PBXShellScriptBuildPhase;
			buildActionMask = 2147483647;
			files = (
			);
			inputPaths = (
				"${SRCROOT}/Pods/Target Support Files/Pods-UnitTrust/Pods-UnitTrust-frameworks.sh",
				"${BUILT_PRODUCTS_DIR}/SwiftSpreadsheet/SwiftSpreadsheet.framework",
			);
			name = "[CP] Embed Pods Frameworks";
			outputPaths = (
				"${TARGET_BUILD_DIR}/${FRAMEWORKS_FOLDER_PATH}/SwiftSpreadsheet.framework",
			);
			runOnlyForDeploymentPostprocessing = 0;
			shellPath = /bin/sh;
			shellScript = "\"${SRCROOT}/Pods/Target Support Files/Pods-UnitTrust/Pods-UnitTrust-frameworks.sh\"\n";
			showEnvVarsInLog = 0;
		};
		8621AD501FDDD2440FFF5DD6 /* [CP] Copy Pods Resources */ = {
			isa = PBXShellScriptBuildPhase;
			buildActionMask = 2147483647;
			files = (
			);
			inputPaths = (
			);
			name = "[CP] Copy Pods Resources";
			outputPaths = (
			);
			runOnlyForDeploymentPostprocessing = 0;
			shellPath = /bin/sh;
			shellScript = "\"${SRCROOT}/Pods/Target Support Files/Pods-UnitTrustTests/Pods-UnitTrustTests-resources.sh\"\n";
			showEnvVarsInLog = 0;
		};
		8CCCB3AF5FF4E0306C8900A6 /* [CP] Check Pods Manifest.lock */ = {
			isa = PBXShellScriptBuildPhase;
			buildActionMask = 2147483647;
			files = (
			);
			inputPaths = (
				"${PODS_PODFILE_DIR_PATH}/Podfile.lock",
				"${PODS_ROOT}/Manifest.lock",
			);
			name = "[CP] Check Pods Manifest.lock";
			outputPaths = (
				"$(DERIVED_FILE_DIR)/Pods-UnitTrust-checkManifestLockResult.txt",
			);
			runOnlyForDeploymentPostprocessing = 0;
			shellPath = /bin/sh;
			shellScript = "diff \"${PODS_PODFILE_DIR_PATH}/Podfile.lock\" \"${PODS_ROOT}/Manifest.lock\" > /dev/null\nif [ $? != 0 ] ; then\n    # print error to STDERR\n    echo \"error: The sandbox is not in sync with the Podfile.lock. Run 'pod install' or update your CocoaPods installation.\" >&2\n    exit 1\nfi\n# This output is used by Xcode 'outputs' to avoid re-running this script phase.\necho \"SUCCESS\" > \"${SCRIPT_OUTPUT_FILE_0}\"\n";
			showEnvVarsInLog = 0;
		};
		A00D3EAA971C9D7C85465BD7 /* [CP] Copy Pods Resources */ = {
			isa = PBXShellScriptBuildPhase;
			buildActionMask = 2147483647;
			files = (
			);
			inputPaths = (
			);
			name = "[CP] Copy Pods Resources";
			outputPaths = (
			);
			runOnlyForDeploymentPostprocessing = 0;
			shellPath = /bin/sh;
			shellScript = "\"${SRCROOT}/Pods/Target Support Files/Pods-UnitTrustUITests/Pods-UnitTrustUITests-resources.sh\"\n";
			showEnvVarsInLog = 0;
		};
		ABA22E003EC4E0225B6A20AD /* [CP] Check Pods Manifest.lock */ = {
			isa = PBXShellScriptBuildPhase;
			buildActionMask = 2147483647;
			files = (
			);
			inputPaths = (
				"${PODS_PODFILE_DIR_PATH}/Podfile.lock",
				"${PODS_ROOT}/Manifest.lock",
			);
			name = "[CP] Check Pods Manifest.lock";
			outputPaths = (
				"$(DERIVED_FILE_DIR)/Pods-UnitTrustTests-checkManifestLockResult.txt",
			);
			runOnlyForDeploymentPostprocessing = 0;
			shellPath = /bin/sh;
			shellScript = "diff \"${PODS_PODFILE_DIR_PATH}/Podfile.lock\" \"${PODS_ROOT}/Manifest.lock\" > /dev/null\nif [ $? != 0 ] ; then\n    # print error to STDERR\n    echo \"error: The sandbox is not in sync with the Podfile.lock. Run 'pod install' or update your CocoaPods installation.\" >&2\n    exit 1\nfi\n# This output is used by Xcode 'outputs' to avoid re-running this script phase.\necho \"SUCCESS\" > \"${SCRIPT_OUTPUT_FILE_0}\"\n";
			showEnvVarsInLog = 0;
		};
		BE7FEA7AF6A3353256308966 /* [CP] Check Pods Manifest.lock */ = {
			isa = PBXShellScriptBuildPhase;
			buildActionMask = 2147483647;
			files = (
			);
			inputPaths = (
				"${PODS_PODFILE_DIR_PATH}/Podfile.lock",
				"${PODS_ROOT}/Manifest.lock",
			);
			name = "[CP] Check Pods Manifest.lock";
			outputPaths = (
				"$(DERIVED_FILE_DIR)/Pods-UnitTrustUITests-checkManifestLockResult.txt",
			);
			runOnlyForDeploymentPostprocessing = 0;
			shellPath = /bin/sh;
			shellScript = "diff \"${PODS_PODFILE_DIR_PATH}/Podfile.lock\" \"${PODS_ROOT}/Manifest.lock\" > /dev/null\nif [ $? != 0 ] ; then\n    # print error to STDERR\n    echo \"error: The sandbox is not in sync with the Podfile.lock. Run 'pod install' or update your CocoaPods installation.\" >&2\n    exit 1\nfi\n# This output is used by Xcode 'outputs' to avoid re-running this script phase.\necho \"SUCCESS\" > \"${SCRIPT_OUTPUT_FILE_0}\"\n";
			showEnvVarsInLog = 0;
		};
/* End PBXShellScriptBuildPhase section */

/* Begin PBXSourcesBuildPhase section */
		1F3D61F220477CA3006AF3C4 /* Sources */ = {
			isa = PBXSourcesBuildPhase;
			buildActionMask = 2147483647;
			files = (
				BCF3B73F204837BE000A2BE0 /* LoginViewInterface.swift in Sources */,
				BCF3B740204837BE000A2BE0 /* SignupProfileView.swift in Sources */,
				1F3D623F204792C0006AF3C4 /* SpreadsheetCollectionReusableView.swift in Sources */,
				BCF3B73D204837BE000A2BE0 /* ForgotPasswordView.swift in Sources */,
				1F3D61FC20477CA3006AF3C4 /* ViewController.swift in Sources */,
				1F3D61FA20477CA3006AF3C4 /* AppDelegate.swift in Sources */,
				1F3D620220477CA3006AF3C4 /* UnitTrust.xcdatamodeld in Sources */,
				1F3D62432047A207006AF3C4 /* LandingViewController.swift in Sources */,
				1F3D624120479779006AF3C4 /* DataCollectionViewCell.swift in Sources */,
			);
			runOnlyForDeploymentPostprocessing = 0;
		};
		1F3D620920477CA3006AF3C4 /* Sources */ = {
			isa = PBXSourcesBuildPhase;
			buildActionMask = 2147483647;
			files = (
				1F3D621220477CA3006AF3C4 /* UnitTrustTests.swift in Sources */,
			);
			runOnlyForDeploymentPostprocessing = 0;
		};
		1F3D621420477CA3006AF3C4 /* Sources */ = {
			isa = PBXSourcesBuildPhase;
			buildActionMask = 2147483647;
			files = (
				1F3D621D20477CA3006AF3C4 /* UnitTrustUITests.swift in Sources */,
			);
			runOnlyForDeploymentPostprocessing = 0;
		};
/* End PBXSourcesBuildPhase section */

/* Begin PBXTargetDependency section */
		1F3D620F20477CA3006AF3C4 /* PBXTargetDependency */ = {
			isa = PBXTargetDependency;
			target = 1F3D61F520477CA3006AF3C4 /* UnitTrust */;
			targetProxy = 1F3D620E20477CA3006AF3C4 /* PBXContainerItemProxy */;
		};
		1F3D621A20477CA3006AF3C4 /* PBXTargetDependency */ = {
			isa = PBXTargetDependency;
			target = 1F3D61F520477CA3006AF3C4 /* UnitTrust */;
			targetProxy = 1F3D621920477CA3006AF3C4 /* PBXContainerItemProxy */;
		};
/* End PBXTargetDependency section */

/* Begin PBXVariantGroup section */
		1F3D61FD20477CA3006AF3C4 /* Main.storyboard */ = {
			isa = PBXVariantGroup;
			children = (
				1F3D61FE20477CA3006AF3C4 /* Base */,
			);
			name = Main.storyboard;
			sourceTree = "<group>";
		};
		1F3D620520477CA3006AF3C4 /* LaunchScreen.storyboard */ = {
			isa = PBXVariantGroup;
			children = (
				1F3D620620477CA3006AF3C4 /* Base */,
			);
			name = LaunchScreen.storyboard;
			sourceTree = "<group>";
		};
/* End PBXVariantGroup section */

/* Begin XCBuildConfiguration section */
		1F3D621F20477CA3006AF3C4 /* Debug */ = {
			isa = XCBuildConfiguration;
			buildSettings = {
				ALWAYS_SEARCH_USER_PATHS = NO;
				CLANG_ANALYZER_NONNULL = YES;
				CLANG_ANALYZER_NUMBER_OBJECT_CONVERSION = YES_AGGRESSIVE;
				CLANG_CXX_LANGUAGE_STANDARD = "gnu++14";
				CLANG_CXX_LIBRARY = "libc++";
				CLANG_ENABLE_MODULES = YES;
				CLANG_ENABLE_OBJC_ARC = YES;
				CLANG_WARN_BLOCK_CAPTURE_AUTORELEASING = YES;
				CLANG_WARN_BOOL_CONVERSION = YES;
				CLANG_WARN_COMMA = YES;
				CLANG_WARN_CONSTANT_CONVERSION = YES;
				CLANG_WARN_DIRECT_OBJC_ISA_USAGE = YES_ERROR;
				CLANG_WARN_DOCUMENTATION_COMMENTS = YES;
				CLANG_WARN_EMPTY_BODY = YES;
				CLANG_WARN_ENUM_CONVERSION = YES;
				CLANG_WARN_INFINITE_RECURSION = YES;
				CLANG_WARN_INT_CONVERSION = YES;
				CLANG_WARN_NON_LITERAL_NULL_CONVERSION = YES;
				CLANG_WARN_OBJC_LITERAL_CONVERSION = YES;
				CLANG_WARN_OBJC_ROOT_CLASS = YES_ERROR;
				CLANG_WARN_RANGE_LOOP_ANALYSIS = YES;
				CLANG_WARN_STRICT_PROTOTYPES = YES;
				CLANG_WARN_SUSPICIOUS_MOVE = YES;
				CLANG_WARN_UNGUARDED_AVAILABILITY = YES_AGGRESSIVE;
				CLANG_WARN_UNREACHABLE_CODE = YES;
				CLANG_WARN__DUPLICATE_METHOD_MATCH = YES;
				CODE_SIGN_IDENTITY = "iPhone Developer";
				COPY_PHASE_STRIP = NO;
				DEBUG_INFORMATION_FORMAT = dwarf;
				ENABLE_STRICT_OBJC_MSGSEND = YES;
				ENABLE_TESTABILITY = YES;
				GCC_C_LANGUAGE_STANDARD = gnu11;
				GCC_DYNAMIC_NO_PIC = NO;
				GCC_NO_COMMON_BLOCKS = YES;
				GCC_OPTIMIZATION_LEVEL = 0;
				GCC_PREPROCESSOR_DEFINITIONS = (
					"DEBUG=1",
					"$(inherited)",
				);
				GCC_WARN_64_TO_32_BIT_CONVERSION = YES;
				GCC_WARN_ABOUT_RETURN_TYPE = YES_ERROR;
				GCC_WARN_UNDECLARED_SELECTOR = YES;
				GCC_WARN_UNINITIALIZED_AUTOS = YES_AGGRESSIVE;
				GCC_WARN_UNUSED_FUNCTION = YES;
				GCC_WARN_UNUSED_VARIABLE = YES;
				IPHONEOS_DEPLOYMENT_TARGET = 11.2;
				MTL_ENABLE_DEBUG_INFO = YES;
				ONLY_ACTIVE_ARCH = YES;
				SDKROOT = iphoneos;
				SWIFT_ACTIVE_COMPILATION_CONDITIONS = DEBUG;
				SWIFT_OPTIMIZATION_LEVEL = "-Onone";
			};
			name = Debug;
		};
		1F3D622020477CA3006AF3C4 /* Release */ = {
			isa = XCBuildConfiguration;
			buildSettings = {
				ALWAYS_SEARCH_USER_PATHS = NO;
				CLANG_ANALYZER_NONNULL = YES;
				CLANG_ANALYZER_NUMBER_OBJECT_CONVERSION = YES_AGGRESSIVE;
				CLANG_CXX_LANGUAGE_STANDARD = "gnu++14";
				CLANG_CXX_LIBRARY = "libc++";
				CLANG_ENABLE_MODULES = YES;
				CLANG_ENABLE_OBJC_ARC = YES;
				CLANG_WARN_BLOCK_CAPTURE_AUTORELEASING = YES;
				CLANG_WARN_BOOL_CONVERSION = YES;
				CLANG_WARN_COMMA = YES;
				CLANG_WARN_CONSTANT_CONVERSION = YES;
				CLANG_WARN_DIRECT_OBJC_ISA_USAGE = YES_ERROR;
				CLANG_WARN_DOCUMENTATION_COMMENTS = YES;
				CLANG_WARN_EMPTY_BODY = YES;
				CLANG_WARN_ENUM_CONVERSION = YES;
				CLANG_WARN_INFINITE_RECURSION = YES;
				CLANG_WARN_INT_CONVERSION = YES;
				CLANG_WARN_NON_LITERAL_NULL_CONVERSION = YES;
				CLANG_WARN_OBJC_LITERAL_CONVERSION = YES;
				CLANG_WARN_OBJC_ROOT_CLASS = YES_ERROR;
				CLANG_WARN_RANGE_LOOP_ANALYSIS = YES;
				CLANG_WARN_STRICT_PROTOTYPES = YES;
				CLANG_WARN_SUSPICIOUS_MOVE = YES;
				CLANG_WARN_UNGUARDED_AVAILABILITY = YES_AGGRESSIVE;
				CLANG_WARN_UNREACHABLE_CODE = YES;
				CLANG_WARN__DUPLICATE_METHOD_MATCH = YES;
				CODE_SIGN_IDENTITY = "iPhone Developer";
				COPY_PHASE_STRIP = NO;
				DEBUG_INFORMATION_FORMAT = "dwarf-with-dsym";
				ENABLE_NS_ASSERTIONS = NO;
				ENABLE_STRICT_OBJC_MSGSEND = YES;
				GCC_C_LANGUAGE_STANDARD = gnu11;
				GCC_NO_COMMON_BLOCKS = YES;
				GCC_WARN_64_TO_32_BIT_CONVERSION = YES;
				GCC_WARN_ABOUT_RETURN_TYPE = YES_ERROR;
				GCC_WARN_UNDECLARED_SELECTOR = YES;
				GCC_WARN_UNINITIALIZED_AUTOS = YES_AGGRESSIVE;
				GCC_WARN_UNUSED_FUNCTION = YES;
				GCC_WARN_UNUSED_VARIABLE = YES;
				IPHONEOS_DEPLOYMENT_TARGET = 11.2;
				MTL_ENABLE_DEBUG_INFO = NO;
				SDKROOT = iphoneos;
				SWIFT_OPTIMIZATION_LEVEL = "-Owholemodule";
				VALIDATE_PRODUCT = YES;
			};
			name = Release;
		};
		1F3D622220477CA3006AF3C4 /* Debug */ = {
			isa = XCBuildConfiguration;
			baseConfigurationReference = 269F11B1AD8E1B5F3A749453 /* Pods-UnitTrust.debug.xcconfig */;
			buildSettings = {
				ASSETCATALOG_COMPILER_APPICON_NAME = AppIcon;
				CODE_SIGN_STYLE = Automatic;
				DEVELOPMENT_TEAM = ULB4RP6JB6;
				INFOPLIST_FILE = UnitTrust/Info.plist;
				IPHONEOS_DEPLOYMENT_TARGET = 10.0;
				LD_RUNPATH_SEARCH_PATHS = "$(inherited) @executable_path/Frameworks";
				PRODUCT_BUNDLE_IDENTIFIER = com.compass.UnitTrust;
				PRODUCT_NAME = "$(TARGET_NAME)";
				SWIFT_VERSION = 4.0;
				TARGETED_DEVICE_FAMILY = "1,2";
			};
			name = Debug;
		};
		1F3D622320477CA3006AF3C4 /* Release */ = {
			isa = XCBuildConfiguration;
			baseConfigurationReference = 4953D9D6B64DA557EF8096B6 /* Pods-UnitTrust.release.xcconfig */;
			buildSettings = {
				ASSETCATALOG_COMPILER_APPICON_NAME = AppIcon;
				CODE_SIGN_STYLE = Automatic;
				DEVELOPMENT_TEAM = ULB4RP6JB6;
				INFOPLIST_FILE = UnitTrust/Info.plist;
				IPHONEOS_DEPLOYMENT_TARGET = 10.0;
				LD_RUNPATH_SEARCH_PATHS = "$(inherited) @executable_path/Frameworks";
				PRODUCT_BUNDLE_IDENTIFIER = com.compass.UnitTrust;
				PRODUCT_NAME = "$(TARGET_NAME)";
				SWIFT_VERSION = 4.0;
				TARGETED_DEVICE_FAMILY = "1,2";
			};
			name = Release;
		};
		1F3D622520477CA3006AF3C4 /* Debug */ = {
			isa = XCBuildConfiguration;
			baseConfigurationReference = F69D0AF892301F5B43786774 /* Pods-UnitTrustTests.debug.xcconfig */;
			buildSettings = {
				ALWAYS_EMBED_SWIFT_STANDARD_LIBRARIES = YES;
				BUNDLE_LOADER = "$(TEST_HOST)";
				CODE_SIGN_STYLE = Automatic;
				INFOPLIST_FILE = UnitTrustTests/Info.plist;
				LD_RUNPATH_SEARCH_PATHS = "$(inherited) @executable_path/Frameworks @loader_path/Frameworks";
				PRODUCT_BUNDLE_IDENTIFIER = com.compass.UnitTrustTests;
				PRODUCT_NAME = "$(TARGET_NAME)";
				SWIFT_VERSION = 4.0;
				TARGETED_DEVICE_FAMILY = "1,2";
				TEST_HOST = "$(BUILT_PRODUCTS_DIR)/UnitTrust.app/UnitTrust";
			};
			name = Debug;
		};
		1F3D622620477CA3006AF3C4 /* Release */ = {
			isa = XCBuildConfiguration;
			baseConfigurationReference = D0E16A78148326F09C64C274 /* Pods-UnitTrustTests.release.xcconfig */;
			buildSettings = {
				ALWAYS_EMBED_SWIFT_STANDARD_LIBRARIES = YES;
				BUNDLE_LOADER = "$(TEST_HOST)";
				CODE_SIGN_STYLE = Automatic;
				INFOPLIST_FILE = UnitTrustTests/Info.plist;
				LD_RUNPATH_SEARCH_PATHS = "$(inherited) @executable_path/Frameworks @loader_path/Frameworks";
				PRODUCT_BUNDLE_IDENTIFIER = com.compass.UnitTrustTests;
				PRODUCT_NAME = "$(TARGET_NAME)";
				SWIFT_VERSION = 4.0;
				TARGETED_DEVICE_FAMILY = "1,2";
				TEST_HOST = "$(BUILT_PRODUCTS_DIR)/UnitTrust.app/UnitTrust";
			};
			name = Release;
		};
		1F3D622820477CA3006AF3C4 /* Debug */ = {
			isa = XCBuildConfiguration;
			baseConfigurationReference = 2654BA45F7ADA6D70270D82E /* Pods-UnitTrustUITests.debug.xcconfig */;
			buildSettings = {
				ALWAYS_EMBED_SWIFT_STANDARD_LIBRARIES = YES;
				CODE_SIGN_STYLE = Automatic;
				INFOPLIST_FILE = UnitTrustUITests/Info.plist;
				LD_RUNPATH_SEARCH_PATHS = "$(inherited) @executable_path/Frameworks @loader_path/Frameworks";
				PRODUCT_BUNDLE_IDENTIFIER = com.compass.UnitTrustUITests;
				PRODUCT_NAME = "$(TARGET_NAME)";
				SWIFT_VERSION = 4.0;
				TARGETED_DEVICE_FAMILY = "1,2";
				TEST_TARGET_NAME = UnitTrust;
			};
			name = Debug;
		};
		1F3D622920477CA3006AF3C4 /* Release */ = {
			isa = XCBuildConfiguration;
			baseConfigurationReference = 7A87D12AE67616438B6E0119 /* Pods-UnitTrustUITests.release.xcconfig */;
			buildSettings = {
				ALWAYS_EMBED_SWIFT_STANDARD_LIBRARIES = YES;
				CODE_SIGN_STYLE = Automatic;
				INFOPLIST_FILE = UnitTrustUITests/Info.plist;
				LD_RUNPATH_SEARCH_PATHS = "$(inherited) @executable_path/Frameworks @loader_path/Frameworks";
				PRODUCT_BUNDLE_IDENTIFIER = com.compass.UnitTrustUITests;
				PRODUCT_NAME = "$(TARGET_NAME)";
				SWIFT_VERSION = 4.0;
				TARGETED_DEVICE_FAMILY = "1,2";
				TEST_TARGET_NAME = UnitTrust;
			};
			name = Release;
		};
/* End XCBuildConfiguration section */

/* Begin XCConfigurationList section */
		1F3D61F120477CA3006AF3C4 /* Build configuration list for PBXProject "UnitTrust" */ = {
			isa = XCConfigurationList;
			buildConfigurations = (
				1F3D621F20477CA3006AF3C4 /* Debug */,
				1F3D622020477CA3006AF3C4 /* Release */,
			);
			defaultConfigurationIsVisible = 0;
			defaultConfigurationName = Release;
		};
		1F3D622120477CA3006AF3C4 /* Build configuration list for PBXNativeTarget "UnitTrust" */ = {
			isa = XCConfigurationList;
			buildConfigurations = (
				1F3D622220477CA3006AF3C4 /* Debug */,
				1F3D622320477CA3006AF3C4 /* Release */,
			);
			defaultConfigurationIsVisible = 0;
			defaultConfigurationName = Release;
		};
		1F3D622420477CA3006AF3C4 /* Build configuration list for PBXNativeTarget "UnitTrustTests" */ = {
			isa = XCConfigurationList;
			buildConfigurations = (
				1F3D622520477CA3006AF3C4 /* Debug */,
				1F3D622620477CA3006AF3C4 /* Release */,
			);
			defaultConfigurationIsVisible = 0;
			defaultConfigurationName = Release;
		};
		1F3D622720477CA3006AF3C4 /* Build configuration list for PBXNativeTarget "UnitTrustUITests" */ = {
			isa = XCConfigurationList;
			buildConfigurations = (
				1F3D622820477CA3006AF3C4 /* Debug */,
				1F3D622920477CA3006AF3C4 /* Release */,
			);
			defaultConfigurationIsVisible = 0;
			defaultConfigurationName = Release;
		};
/* End XCConfigurationList section */

/* Begin XCVersionGroup section */
		1F3D620020477CA3006AF3C4 /* UnitTrust.xcdatamodeld */ = {
			isa = XCVersionGroup;
			children = (
				1F3D620120477CA3006AF3C4 /* UnitTrust.xcdatamodel */,
			);
			currentVersion = 1F3D620120477CA3006AF3C4 /* UnitTrust.xcdatamodel */;
			path = UnitTrust.xcdatamodeld;
			sourceTree = "<group>";
			versionGroupType = wrapper.xcdatamodel;
		};
/* End XCVersionGroup section */
	};
	rootObject = 1F3D61EE20477CA3006AF3C4 /* Project object */;
}
